// !$*UTF8*$!
{
	archiveVersion = 1;
	classes = {
	};
	objectVersion = 77;
	objects = {

/* Begin PBXContainerItemProxy section */
		CEAE21D72E9A192D00D9F9E8 /* PBXContainerItemProxy */ = {
			isa = PBXContainerItemProxy;
			containerPortal = CEAE21C12E9A192A00D9F9E8 /* Project object */;
			proxyType = 1;
			remoteGlobalIDString = CEAE21C82E9A192A00D9F9E8;
			remoteInfo = "ねこログ";
		};
		CEAE21E12E9A192D00D9F9E8 /* PBXContainerItemProxy */ = {
			isa = PBXContainerItemProxy;
			containerPortal = CEAE21C12E9A192A00D9F9E8 /* Project object */;
			proxyType = 1;
			remoteGlobalIDString = CEAE21C82E9A192A00D9F9E8;
			remoteInfo = "ねこログ";
		};
/* End PBXContainerItemProxy section */

/* Begin PBXFileReference section */
		CEAE21C92E9A192A00D9F9E8 /* app.lab.nanato.necolog.app */ = {isa = PBXFileReference; explicitFileType = wrapper.application; includeInIndex = 0; path = app.lab.nanato.necolog.app; sourceTree = BUILT_PRODUCTS_DIR; };
		CEAE21D62E9A192D00D9F9E8 /* ねこログTests.xctest */ = {isa = PBXFileReference; explicitFileType = wrapper.cfbundle; includeInIndex = 0; path = "ねこログTests.xctest"; sourceTree = BUILT_PRODUCTS_DIR; };
		CEAE21E02E9A192D00D9F9E8 /* ねこログUITests.xctest */ = {isa = PBXFileReference; explicitFileType = wrapper.cfbundle; includeInIndex = 0; path = "ねこログUITests.xctest"; sourceTree = BUILT_PRODUCTS_DIR; };
/* End PBXFileReference section */

/* Begin PBXFileSystemSynchronizedBuildFileExceptionSet section */
		CE504DA02EC71CFB005AF271 /* Exceptions for "ねこログ" folder in "ねこログ" target */ = {
			isa = PBXFileSystemSynchronizedBuildFileExceptionSet;
			membershipExceptions = (
				"/Localized: Localizable.strings",
			);
			target = CEAE21C82E9A192A00D9F9E8 /* ねこログ */;
		};
/* End PBXFileSystemSynchronizedBuildFileExceptionSet section */

/* Begin PBXFileSystemSynchronizedGroupBuildPhaseMembershipExceptionSet section */
		CE504DA12EC71CFB005AF271 /* Exceptions for "ねこログ" folder in "Compile Sources" phase from "ねこログ" target */ = {
			isa = PBXFileSystemSynchronizedGroupBuildPhaseMembershipExceptionSet;
			buildPhase = CEAE21C52E9A192A00D9F9E8 /* Sources */;
			membershipExceptions = (
				"/Localized: Localizable.strings",
			);
		};
/* End PBXFileSystemSynchronizedGroupBuildPhaseMembershipExceptionSet section */

/* Begin PBXFileSystemSynchronizedRootGroup section */
		CEAE21CB2E9A192A00D9F9E8 /* ねこログ */ = {
			isa = PBXFileSystemSynchronizedRootGroup;
			exceptions = (
				CE504DA02EC71CFB005AF271 /* Exceptions for "ねこログ" folder in "ねこログ" target */,
				CE504DA12EC71CFB005AF271 /* Exceptions for "ねこログ" folder in "Compile Sources" phase from "ねこログ" target */,
			);
			path = "ねこログ";
			sourceTree = "<group>";
		};
		CEAE21D92E9A192D00D9F9E8 /* ねこログTests */ = {
			isa = PBXFileSystemSynchronizedRootGroup;
			path = "ねこログTests";
			sourceTree = "<group>";
		};
		CEAE21E32E9A192D00D9F9E8 /* ねこログUITests */ = {
			isa = PBXFileSystemSynchronizedRootGroup;
			path = "ねこログUITests";
			sourceTree = "<group>";
		};
/* End PBXFileSystemSynchronizedRootGroup section */

/* Begin PBXFrameworksBuildPhase section */
		CEAE21C62E9A192A00D9F9E8 /* Frameworks */ = {
			isa = PBXFrameworksBuildPhase;
			buildActionMask = 2147483647;
			files = (
			);
			runOnlyForDeploymentPostprocessing = 0;
		};
		CEAE21D32E9A192D00D9F9E8 /* Frameworks */ = {
			isa = PBXFrameworksBuildPhase;
			buildActionMask = 2147483647;
			files = (
			);
			runOnlyForDeploymentPostprocessing = 0;
		};
		CEAE21DD2E9A192D00D9F9E8 /* Frameworks */ = {
			isa = PBXFrameworksBuildPhase;
			buildActionMask = 2147483647;
			files = (
			);
			runOnlyForDeploymentPostprocessing = 0;
		};
/* End PBXFrameworksBuildPhase section */

/* Begin PBXGroup section */
		CEAE21C02E9A192A00D9F9E8 = {
			isa = PBXGroup;
			children = (
				CEAE21CB2E9A192A00D9F9E8 /* ねこログ */,
				CEAE21D92E9A192D00D9F9E8 /* ねこログTests */,
				CEAE21E32E9A192D00D9F9E8 /* ねこログUITests */,
				CEAE21CA2E9A192A00D9F9E8 /* Products */,
			);
			sourceTree = "<group>";
		};
		CEAE21CA2E9A192A00D9F9E8 /* Products */ = {
			isa = PBXGroup;
			children = (
				CEAE21C92E9A192A00D9F9E8 /* app.lab.nanato.necolog.app */,
				CEAE21D62E9A192D00D9F9E8 /* ねこログTests.xctest */,
				CEAE21E02E9A192D00D9F9E8 /* ねこログUITests.xctest */,
			);
			name = Products;
			sourceTree = "<group>";
		};
/* End PBXGroup section */

/* Begin PBXNativeTarget section */
		CEAE21C82E9A192A00D9F9E8 /* ねこログ */ = {
			isa = PBXNativeTarget;
			buildConfigurationList = CEAE21EA2E9A192D00D9F9E8 /* Build configuration list for PBXNativeTarget "ねこログ" */;
			buildPhases = (
				CEAE21C52E9A192A00D9F9E8 /* Sources */,
				CEAE21C62E9A192A00D9F9E8 /* Frameworks */,
				CEAE21C72E9A192A00D9F9E8 /* Resources */,
			);
			buildRules = (
			);
			dependencies = (
			);
			fileSystemSynchronizedGroups = (
				CEAE21CB2E9A192A00D9F9E8 /* ねこログ */,
			);
			name = "ねこログ";
			packageProductDependencies = (
			);
			productName = "ねこログ";
			productReference = CEAE21C92E9A192A00D9F9E8 /* app.lab.nanato.necolog.app */;
			productType = "com.apple.product-type.application";
		};
		CEAE21D52E9A192D00D9F9E8 /* ねこログTests */ = {
			isa = PBXNativeTarget;
			buildConfigurationList = CEAE21ED2E9A192D00D9F9E8 /* Build configuration list for PBXNativeTarget "ねこログTests" */;
			buildPhases = (
				CEAE21D22E9A192D00D9F9E8 /* Sources */,
				CEAE21D32E9A192D00D9F9E8 /* Frameworks */,
				CEAE21D42E9A192D00D9F9E8 /* Resources */,
			);
			buildRules = (
			);
			dependencies = (
				CEAE21D82E9A192D00D9F9E8 /* PBXTargetDependency */,
			);
			fileSystemSynchronizedGroups = (
				CEAE21D92E9A192D00D9F9E8 /* ねこログTests */,
			);
			name = "ねこログTests";
			packageProductDependencies = (
			);
			productName = "ねこログTests";
			productReference = CEAE21D62E9A192D00D9F9E8 /* ねこログTests.xctest */;
			productType = "com.apple.product-type.bundle.unit-test";
		};
		CEAE21DF2E9A192D00D9F9E8 /* ねこログUITests */ = {
			isa = PBXNativeTarget;
			buildConfigurationList = CEAE21F02E9A192D00D9F9E8 /* Build configuration list for PBXNativeTarget "ねこログUITests" */;
			buildPhases = (
				CEAE21DC2E9A192D00D9F9E8 /* Sources */,
				CEAE21DD2E9A192D00D9F9E8 /* Frameworks */,
				CEAE21DE2E9A192D00D9F9E8 /* Resources */,
			);
			buildRules = (
			);
			dependencies = (
				CEAE21E22E9A192D00D9F9E8 /* PBXTargetDependency */,
			);
			fileSystemSynchronizedGroups = (
				CEAE21E32E9A192D00D9F9E8 /* ねこログUITests */,
			);
			name = "ねこログUITests";
			packageProductDependencies = (
			);
			productName = "ねこログUITests";
			productReference = CEAE21E02E9A192D00D9F9E8 /* ねこログUITests.xctest */;
			productType = "com.apple.product-type.bundle.ui-testing";
		};
/* End PBXNativeTarget section */

/* Begin PBXProject section */
		CEAE21C12E9A192A00D9F9E8 /* Project object */ = {
			isa = PBXProject;
			attributes = {
				BuildIndependentTargetsInParallel = 1;
				LastSwiftUpdateCheck = 1640;
				LastUpgradeCheck = 2610;
				TargetAttributes = {
					CEAE21C82E9A192A00D9F9E8 = {
						CreatedOnToolsVersion = 16.4;
					};
					CEAE21D52E9A192D00D9F9E8 = {
						CreatedOnToolsVersion = 16.4;
						TestTargetID = CEAE21C82E9A192A00D9F9E8;
					};
					CEAE21DF2E9A192D00D9F9E8 = {
						CreatedOnToolsVersion = 16.4;
						TestTargetID = CEAE21C82E9A192A00D9F9E8;
					};
				};
			};
			buildConfigurationList = CEAE21C42E9A192A00D9F9E8 /* Build configuration list for PBXProject "NekoLog" */;
			developmentRegion = en;
			hasScannedForEncodings = 0;
			knownRegions = (
				en,
				Base,
				ja,
			);
			mainGroup = CEAE21C02E9A192A00D9F9E8;
			minimizedProjectReferenceProxies = 1;
			preferredProjectObjectVersion = 77;
			productRefGroup = CEAE21CA2E9A192A00D9F9E8 /* Products */;
			projectDirPath = "";
			projectRoot = "";
			targets = (
				CEAE21C82E9A192A00D9F9E8 /* ねこログ */,
				CEAE21D52E9A192D00D9F9E8 /* ねこログTests */,
				CEAE21DF2E9A192D00D9F9E8 /* ねこログUITests */,
			);
		};
/* End PBXProject section */

/* Begin PBXResourcesBuildPhase section */
		CEAE21C72E9A192A00D9F9E8 /* Resources */ = {
			isa = PBXResourcesBuildPhase;
			buildActionMask = 2147483647;
			files = (
			);
			runOnlyForDeploymentPostprocessing = 0;
		};
		CEAE21D42E9A192D00D9F9E8 /* Resources */ = {
			isa = PBXResourcesBuildPhase;
			buildActionMask = 2147483647;
			files = (
			);
			runOnlyForDeploymentPostprocessing = 0;
		};
		CEAE21DE2E9A192D00D9F9E8 /* Resources */ = {
			isa = PBXResourcesBuildPhase;
			buildActionMask = 2147483647;
			files = (
			);
			runOnlyForDeploymentPostprocessing = 0;
		};
/* End PBXResourcesBuildPhase section */

/* Begin PBXSourcesBuildPhase section */
		CEAE21C52E9A192A00D9F9E8 /* Sources */ = {
			isa = PBXSourcesBuildPhase;
			buildActionMask = 2147483647;
			files = (
			);
			runOnlyForDeploymentPostprocessing = 0;
		};
		CEAE21D22E9A192D00D9F9E8 /* Sources */ = {
			isa = PBXSourcesBuildPhase;
			buildActionMask = 2147483647;
			files = (
			);
			runOnlyForDeploymentPostprocessing = 0;
		};
		CEAE21DC2E9A192D00D9F9E8 /* Sources */ = {
			isa = PBXSourcesBuildPhase;
			buildActionMask = 2147483647;
			files = (
			);
			runOnlyForDeploymentPostprocessing = 0;
		};
/* End PBXSourcesBuildPhase section */

/* Begin PBXTargetDependency section */
		CEAE21D82E9A192D00D9F9E8 /* PBXTargetDependency */ = {
			isa = PBXTargetDependency;
			target = CEAE21C82E9A192A00D9F9E8 /* ねこログ */;
			targetProxy = CEAE21D72E9A192D00D9F9E8 /* PBXContainerItemProxy */;
		};
		CEAE21E22E9A192D00D9F9E8 /* PBXTargetDependency */ = {
			isa = PBXTargetDependency;
			target = CEAE21C82E9A192A00D9F9E8 /* ねこログ */;
			targetProxy = CEAE21E12E9A192D00D9F9E8 /* PBXContainerItemProxy */;
		};
/* End PBXTargetDependency section */

/* Begin XCBuildConfiguration section */
		CEAE21E82E9A192D00D9F9E8 /* Debug */ = {
			isa = XCBuildConfiguration;
			buildSettings = {
				ALWAYS_SEARCH_USER_PATHS = NO;
				ASSETCATALOG_COMPILER_GENERATE_SWIFT_ASSET_SYMBOL_EXTENSIONS = YES;
				CLANG_ANALYZER_LOCALIZABILITY_NONLOCALIZED = YES;
				CLANG_ANALYZER_NONNULL = YES;
				CLANG_ANALYZER_NUMBER_OBJECT_CONVERSION = YES_AGGRESSIVE;
				CLANG_CXX_LANGUAGE_STANDARD = "gnu++20";
				CLANG_ENABLE_MODULES = YES;
				CLANG_ENABLE_OBJC_ARC = YES;
				CLANG_ENABLE_OBJC_WEAK = YES;
				CLANG_WARN_BLOCK_CAPTURE_AUTORELEASING = YES;
				CLANG_WARN_BOOL_CONVERSION = YES;
				CLANG_WARN_COMMA = YES;
				CLANG_WARN_CONSTANT_CONVERSION = YES;
				CLANG_WARN_DEPRECATED_OBJC_IMPLEMENTATIONS = YES;
				CLANG_WARN_DIRECT_OBJC_ISA_USAGE = YES_ERROR;
				CLANG_WARN_DOCUMENTATION_COMMENTS = YES;
				CLANG_WARN_EMPTY_BODY = YES;
				CLANG_WARN_ENUM_CONVERSION = YES;
				CLANG_WARN_INFINITE_RECURSION = YES;
				CLANG_WARN_INT_CONVERSION = YES;
				CLANG_WARN_NON_LITERAL_NULL_CONVERSION = YES;
				CLANG_WARN_OBJC_IMPLICIT_RETAIN_SELF = YES;
				CLANG_WARN_OBJC_LITERAL_CONVERSION = YES;
				CLANG_WARN_OBJC_ROOT_CLASS = YES_ERROR;
				CLANG_WARN_QUOTED_INCLUDE_IN_FRAMEWORK_HEADER = YES;
				CLANG_WARN_RANGE_LOOP_ANALYSIS = YES;
				CLANG_WARN_STRICT_PROTOTYPES = YES;
				CLANG_WARN_SUSPICIOUS_MOVE = YES;
				CLANG_WARN_UNGUARDED_AVAILABILITY = YES_AGGRESSIVE;
				CLANG_WARN_UNREACHABLE_CODE = YES;
				CLANG_WARN__DUPLICATE_METHOD_MATCH = YES;
				COPY_PHASE_STRIP = NO;
				DEBUG_INFORMATION_FORMAT = dwarf;
				DEVELOPMENT_TEAM = TB5M8Y49QM;
				ENABLE_STRICT_OBJC_MSGSEND = YES;
				ENABLE_TESTABILITY = YES;
				ENABLE_USER_SCRIPT_SANDBOXING = YES;
				GCC_C_LANGUAGE_STANDARD = gnu17;
				GCC_DYNAMIC_NO_PIC = NO;
				GCC_NO_COMMON_BLOCKS = YES;
				GCC_OPTIMIZATION_LEVEL = 0;
				GCC_PREPROCESSOR_DEFINITIONS = (
					"DEBUG=1",
					"$(inherited)",
				);
				GCC_WARN_64_TO_32_BIT_CONVERSION = YES;
				GCC_WARN_ABOUT_RETURN_TYPE = YES_ERROR;
				GCC_WARN_UNDECLARED_SELECTOR = YES;
				GCC_WARN_UNINITIALIZED_AUTOS = YES_AGGRESSIVE;
				GCC_WARN_UNUSED_FUNCTION = YES;
				GCC_WARN_UNUSED_VARIABLE = YES;
				IPHONEOS_DEPLOYMENT_TARGET = 18.5;
				LOCALIZATION_PREFERS_STRING_CATALOGS = YES;
				MTL_ENABLE_DEBUG_INFO = INCLUDE_SOURCE;
				MTL_FAST_MATH = YES;
				ONLY_ACTIVE_ARCH = YES;
				SDKROOT = iphoneos;
				STRING_CATALOG_GENERATE_SYMBOLS = YES;
				SWIFT_ACTIVE_COMPILATION_CONDITIONS = "DEBUG $(inherited)";
				SWIFT_OPTIMIZATION_LEVEL = "-Onone";
				VALIDATE_PRODUCT = YES;
			};
			name = Debug;
		};
		CEAE21E92E9A192D00D9F9E8 /* Release */ = {
			isa = XCBuildConfiguration;
			buildSettings = {
				ALWAYS_SEARCH_USER_PATHS = NO;
				ASSETCATALOG_COMPILER_GENERATE_SWIFT_ASSET_SYMBOL_EXTENSIONS = YES;
				CLANG_ANALYZER_LOCALIZABILITY_NONLOCALIZED = YES;
				CLANG_ANALYZER_NONNULL = YES;
				CLANG_ANALYZER_NUMBER_OBJECT_CONVERSION = YES_AGGRESSIVE;
				CLANG_CXX_LANGUAGE_STANDARD = "gnu++20";
				CLANG_ENABLE_MODULES = YES;
				CLANG_ENABLE_OBJC_ARC = YES;
				CLANG_ENABLE_OBJC_WEAK = YES;
				CLANG_WARN_BLOCK_CAPTURE_AUTORELEASING = YES;
				CLANG_WARN_BOOL_CONVERSION = YES;
				CLANG_WARN_COMMA = YES;
				CLANG_WARN_CONSTANT_CONVERSION = YES;
				CLANG_WARN_DEPRECATED_OBJC_IMPLEMENTATIONS = YES;
				CLANG_WARN_DIRECT_OBJC_ISA_USAGE = YES_ERROR;
				CLANG_WARN_DOCUMENTATION_COMMENTS = YES;
				CLANG_WARN_EMPTY_BODY = YES;
				CLANG_WARN_ENUM_CONVERSION = YES;
				CLANG_WARN_INFINITE_RECURSION = YES;
				CLANG_WARN_INT_CONVERSION = YES;
				CLANG_WARN_NON_LITERAL_NULL_CONVERSION = YES;
				CLANG_WARN_OBJC_IMPLICIT_RETAIN_SELF = YES;
				CLANG_WARN_OBJC_LITERAL_CONVERSION = YES;
				CLANG_WARN_OBJC_ROOT_CLASS = YES_ERROR;
				CLANG_WARN_QUOTED_INCLUDE_IN_FRAMEWORK_HEADER = YES;
				CLANG_WARN_RANGE_LOOP_ANALYSIS = YES;
				CLANG_WARN_STRICT_PROTOTYPES = YES;
				CLANG_WARN_SUSPICIOUS_MOVE = YES;
				CLANG_WARN_UNGUARDED_AVAILABILITY = YES_AGGRESSIVE;
				CLANG_WARN_UNREACHABLE_CODE = YES;
				CLANG_WARN__DUPLICATE_METHOD_MATCH = YES;
				COPY_PHASE_STRIP = NO;
				DEBUG_INFORMATION_FORMAT = "dwarf-with-dsym";
				DEVELOPMENT_TEAM = TB5M8Y49QM;
				ENABLE_NS_ASSERTIONS = NO;
				ENABLE_STRICT_OBJC_MSGSEND = YES;
				ENABLE_TESTABILITY = YES;
				ENABLE_USER_SCRIPT_SANDBOXING = YES;
				GCC_C_LANGUAGE_STANDARD = gnu17;
				GCC_NO_COMMON_BLOCKS = YES;
				GCC_WARN_64_TO_32_BIT_CONVERSION = YES;
				GCC_WARN_ABOUT_RETURN_TYPE = YES_ERROR;
				GCC_WARN_UNDECLARED_SELECTOR = YES;
				GCC_WARN_UNINITIALIZED_AUTOS = YES_AGGRESSIVE;
				GCC_WARN_UNUSED_FUNCTION = YES;
				GCC_WARN_UNUSED_VARIABLE = YES;
				IPHONEOS_DEPLOYMENT_TARGET = 18.5;
				LOCALIZATION_PREFERS_STRING_CATALOGS = YES;
				MTL_ENABLE_DEBUG_INFO = NO;
				MTL_FAST_MATH = YES;
				ONLY_ACTIVE_ARCH = YES;
				SDKROOT = iphoneos;
				STRING_CATALOG_GENERATE_SYMBOLS = YES;
				SWIFT_COMPILATION_MODE = wholemodule;
				VALIDATE_PRODUCT = YES;
			};
			name = Release;
		};
		CEAE21EB2E9A192D00D9F9E8 /* Debug */ = {
			isa = XCBuildConfiguration;
			buildSettings = {
				ASSETCATALOG_COMPILER_APPICON_NAME = AppIcon;
				ASSETCATALOG_COMPILER_GLOBAL_ACCENT_COLOR_NAME = AccentColor;
				CODE_SIGN_ENTITLEMENTS = "ねこログ/ねこログ.entitlements";
				CODE_SIGN_STYLE = Automatic;
				CURRENT_PROJECT_VERSION = 6.3;
				DEVELOPMENT_TEAM = TB5M8Y49QM;
				ENABLE_PREVIEWS = YES;
				GENERATE_INFOPLIST_FILE = YES;
				INFOPLIST_FILE = "------Info.plist";
				INFOPLIST_KEY_CFBundleDisplayName = NekoLog;
				INFOPLIST_KEY_LSApplicationCategoryType = "public.app-category.lifestyle";
				INFOPLIST_KEY_NSCameraUsageDescription = "猫の写真を撮るために使用します ";
				INFOPLIST_KEY_NSHealthShareUsageDescription = "歩数データの取得のために使用します";
				INFOPLIST_KEY_NSHealthUpdateUsageDescription = "歩数データの保存のために使用します";
				INFOPLIST_KEY_NSMicrophoneUsageDescription = "音声入力を解析するためにマイクを使用します";
				INFOPLIST_KEY_NSPhotoLibraryUsageDescription = "猫や人の写真を選ぶために使用します";
				INFOPLIST_KEY_UIApplicationSceneManifest_Generation = YES;
				INFOPLIST_KEY_UIApplicationSupportsIndirectInputEvents = YES;
				INFOPLIST_KEY_UILaunchScreen_Generation = YES;
				INFOPLIST_KEY_UISupportedInterfaceOrientations_iPad = "UIInterfaceOrientationPortrait UIInterfaceOrientationPortraitUpsideDown UIInterfaceOrientationLandscapeLeft UIInterfaceOrientationLandscapeRight";
				INFOPLIST_KEY_UISupportedInterfaceOrientations_iPhone = "UIInterfaceOrientationPortrait UIInterfaceOrientationLandscapeLeft UIInterfaceOrientationLandscapeRight";
				LD_RUNPATH_SEARCH_PATHS = (
					"$(inherited)",
					"@executable_path/Frameworks",
				);
				MARKETING_VERSION = 4.3;
				PRODUCT_BUNDLE_IDENTIFIER = app.lab.nanato.necolog;
				PRODUCT_NAME = app.lab.nanato.necolog;
				SWIFT_EMIT_LOC_STRINGS = YES;
				SWIFT_VERSION = 5.0;
				TARGETED_DEVICE_FAMILY = "1,2";
			};
			name = Debug;
		};
		CEAE21EC2E9A192D00D9F9E8 /* Release */ = {
			isa = XCBuildConfiguration;
			buildSettings = {
				ASSETCATALOG_COMPILER_APPICON_NAME = AppIcon;
				ASSETCATALOG_COMPILER_GLOBAL_ACCENT_COLOR_NAME = AccentColor;
				CODE_SIGN_ENTITLEMENTS = "ねこログ/ねこログ.entitlements";
				CODE_SIGN_STYLE = Automatic;
				CURRENT_PROJECT_VERSION = 6.3;
				DEVELOPMENT_TEAM = TB5M8Y49QM;
				ENABLE_PREVIEWS = YES;
				GENERATE_INFOPLIST_FILE = YES;
				INFOPLIST_FILE = "------Info.plist";
				INFOPLIST_KEY_CFBundleDisplayName = NekoLog;
				INFOPLIST_KEY_LSApplicationCategoryType = "public.app-category.lifestyle";
				INFOPLIST_KEY_NSCameraUsageDescription = "猫の写真を撮るために使用します ";
				INFOPLIST_KEY_NSHealthShareUsageDescription = "歩数データの取得のために使用します";
				INFOPLIST_KEY_NSHealthUpdateUsageDescription = "歩数データの保存のために使用します";
				INFOPLIST_KEY_NSMicrophoneUsageDescription = "音声入力を解析するためにマイクを使用します";
				INFOPLIST_KEY_NSPhotoLibraryUsageDescription = "猫や人の写真を選ぶために使用します";
				INFOPLIST_KEY_UIApplicationSceneManifest_Generation = YES;
				INFOPLIST_KEY_UIApplicationSupportsIndirectInputEvents = YES;
				INFOPLIST_KEY_UILaunchScreen_Generation = YES;
				INFOPLIST_KEY_UISupportedInterfaceOrientations_iPad = "UIInterfaceOrientationPortrait UIInterfaceOrientationPortraitUpsideDown UIInterfaceOrientationLandscapeLeft UIInterfaceOrientationLandscapeRight";
				INFOPLIST_KEY_UISupportedInterfaceOrientations_iPhone = "UIInterfaceOrientationPortrait UIInterfaceOrientationLandscapeLeft UIInterfaceOrientationLandscapeRight";
				LD_RUNPATH_SEARCH_PATHS = (
					"$(inherited)",
					"@executable_path/Frameworks",
				);
				MARKETING_VERSION = 4.3;
				PRODUCT_BUNDLE_IDENTIFIER = app.lab.nanato.necolog;
				PRODUCT_NAME = app.lab.nanato.necolog;
				SWIFT_EMIT_LOC_STRINGS = YES;
				SWIFT_VERSION = 5.0;
				TARGETED_DEVICE_FAMILY = "1,2";
			};
			name = Release;
		};
		CEAE21EE2E9A192D00D9F9E8 /* Debug */ = {
			isa = XCBuildConfiguration;
			buildSettings = {
				BUNDLE_LOADER = "$(TEST_HOST)";
				CODE_SIGN_STYLE = Automatic;
				CURRENT_PROJECT_VERSION = 1;
				DEVELOPMENT_TEAM = TB5M8Y49QM;
				GENERATE_INFOPLIST_FILE = YES;
				IPHONEOS_DEPLOYMENT_TARGET = 18.5;
				MARKETING_VERSION = 1.0;
				PRODUCT_BUNDLE_IDENTIFIER = "app.lab.nanato.-----Tests";
				PRODUCT_NAME = "$(TARGET_NAME)";
				SWIFT_EMIT_LOC_STRINGS = NO;
				SWIFT_VERSION = 5.0;
				TARGETED_DEVICE_FAMILY = "1,2";
				TEST_HOST = "$(BUILT_PRODUCTS_DIR)/ねこログ.app/$(BUNDLE_EXECUTABLE_FOLDER_PATH)/ねこログ";
			};
			name = Debug;
		};
		CEAE21EF2E9A192D00D9F9E8 /* Release */ = {
			isa = XCBuildConfiguration;
			buildSettings = {
				BUNDLE_LOADER = "$(TEST_HOST)";
				CODE_SIGN_STYLE = Automatic;
				CURRENT_PROJECT_VERSION = 1;
				DEVELOPMENT_TEAM = TB5M8Y49QM;
				GENERATE_INFOPLIST_FILE = YES;
				IPHONEOS_DEPLOYMENT_TARGET = 18.5;
				MARKETING_VERSION = 1.0;
				PRODUCT_BUNDLE_IDENTIFIER = "app.lab.nanato.-----Tests";
				PRODUCT_NAME = "$(TARGET_NAME)";
				SWIFT_EMIT_LOC_STRINGS = NO;
				SWIFT_VERSION = 5.0;
				TARGETED_DEVICE_FAMILY = "1,2";
				TEST_HOST = "$(BUILT_PRODUCTS_DIR)/ねこログ.app/$(BUNDLE_EXECUTABLE_FOLDER_PATH)/ねこログ";
			};
			name = Release;
		};
		CEAE21F12E9A192D00D9F9E8 /* Debug */ = {
			isa = XCBuildConfiguration;
			buildSettings = {
				CODE_SIGN_STYLE = Automatic;
				CURRENT_PROJECT_VERSION = 1;
				DEVELOPMENT_TEAM = TB5M8Y49QM;
				GENERATE_INFOPLIST_FILE = YES;
				MARKETING_VERSION = 1.0;
				PRODUCT_BUNDLE_IDENTIFIER = "app.lab.nanato.-----UITests";
				PRODUCT_NAME = "$(TARGET_NAME)";
				SWIFT_EMIT_LOC_STRINGS = NO;
				SWIFT_VERSION = 5.0;
				TARGETED_DEVICE_FAMILY = "1,2";
				TEST_TARGET_NAME = "ねこログ";
			};
			name = Debug;
		};
		CEAE21F22E9A192D00D9F9E8 /* Release */ = {
			isa = XCBuildConfiguration;
			buildSettings = {
				CODE_SIGN_STYLE = Automatic;
				CURRENT_PROJECT_VERSION = 1;
				DEVELOPMENT_TEAM = TB5M8Y49QM;
				GENERATE_INFOPLIST_FILE = YES;
				MARKETING_VERSION = 1.0;
				PRODUCT_BUNDLE_IDENTIFIER = "app.lab.nanato.-----UITests";
				PRODUCT_NAME = "$(TARGET_NAME)";
				SWIFT_EMIT_LOC_STRINGS = NO;
				SWIFT_VERSION = 5.0;
				TARGETED_DEVICE_FAMILY = "1,2";
				TEST_TARGET_NAME = "ねこログ";
			};
			name = Release;
		};
/* End XCBuildConfiguration section */

/* Begin XCConfigurationList section */
		CEAE21C42E9A192A00D9F9E8 /* Build configuration list for PBXProject "NekoLog" */ = {
			isa = XCConfigurationList;
			buildConfigurations = (
				CEAE21E82E9A192D00D9F9E8 /* Debug */,
				CEAE21E92E9A192D00D9F9E8 /* Release */,
			);
			defaultConfigurationIsVisible = 0;
			defaultConfigurationName = Release;
		};
		CEAE21EA2E9A192D00D9F9E8 /* Build configuration list for PBXNativeTarget "ねこログ" */ = {
			isa = XCConfigurationList;
			buildConfigurations = (
				CEAE21EB2E9A192D00D9F9E8 /* Debug */,
				CEAE21EC2E9A192D00D9F9E8 /* Release */,
			);
			defaultConfigurationIsVisible = 0;
			defaultConfigurationName = Release;
		};
		CEAE21ED2E9A192D00D9F9E8 /* Build configuration list for PBXNativeTarget "ねこログTests" */ = {
			isa = XCConfigurationList;
			buildConfigurations = (
				CEAE21EE2E9A192D00D9F9E8 /* Debug */,
				CEAE21EF2E9A192D00D9F9E8 /* Release */,
			);
			defaultConfigurationIsVisible = 0;
			defaultConfigurationName = Release;
		};
		CEAE21F02E9A192D00D9F9E8 /* Build configuration list for PBXNativeTarget "ねこログUITests" */ = {
			isa = XCConfigurationList;
			buildConfigurations = (
				CEAE21F12E9A192D00D9F9E8 /* Debug */,
				CEAE21F22E9A192D00D9F9E8 /* Release */,
			);
			defaultConfigurationIsVisible = 0;
			defaultConfigurationName = Release;
		};
/* End XCConfigurationList section */
	};
	rootObject = CEAE21C12E9A192A00D9F9E8 /* Project object */;
}
